
Microsoft Visual Studio Solution File, Format Version 12.00
# Visual Studio Version 16
VisualStudioVersion = 16.0.31019.35
MinimumVisualStudioVersion = 10.0.40219.1
Project("{9A19103F-16F7-4668-BE54-9A1E7A4F7556}") = "WorkerScheduleAPIFunction", "WorkerScheduleAPIFunction\WorkerScheduleAPIFunction.csproj", "{15420C9D-9B8C-4F17-A13D-F242878415E7}"
EndProject
Project("{9A19103F-16F7-4668-BE54-9A1E7A4F7556}") = "ManagerScheduleAPIFunction", "ManagerScheduleAPIFunction\ManagerScheduleAPIFunction.csproj", "{D3888C57-DDA5-4C7C-B77E-6424B55B5E3A}"
EndProject
Project("{9A19103F-16F7-4668-BE54-9A1E7A4F7556}") = "WorkerTimeAPIFunction", "WorkerTimeAPIFunction\WorkerTimeAPIFunction.csproj", "{E96EDEED-2D26-45A4-A41F-B7B9F8D5137C}"
EndProject
Project("{9A19103F-16F7-4668-BE54-9A1E7A4F7556}") = "ManagerTimeAPIFunction", "ManagerTimeAPIFunction\ManagerTimeAPIFunction.csproj", "{10146D62-5D57-4760-8425-72525DF54DA1}"
EndProject
Project("{FAE04EC0-301F-11D3-BF4B-00C04F79EFBC}") = "ProxyApp", "ProxyApp\ProxyApp.csproj", "{50DD03F6-0222-4455-AD6F-C3F0F205EFCC}"
EndProject
Global
	GlobalSection(SolutionConfigurationPlatforms) = preSolution
		Debug|Any CPU = Debug|Any CPU
		Release|Any CPU = Release|Any CPU
	EndGlobalSection
	GlobalSection(ProjectConfigurationPlatforms) = postSolution
		{15420C9D-9B8C-4F17-A13D-F242878415E7}.Debug|Any CPU.ActiveCfg = Debug|Any CPU
		{15420C9D-9B8C-4F17-A13D-F242878415E7}.Debug|Any CPU.Build.0 = Debug|Any CPU
		{15420C9D-9B8C-4F17-A13D-F242878415E7}.Release|Any CPU.ActiveCfg = Release|Any CPU
		{15420C9D-9B8C-4F17-A13D-F242878415E7}.Release|Any CPU.Build.0 = Release|Any CPU
		{D3888C57-DDA5-4C7C-B77E-6424B55B5E3A}.Debug|Any CPU.ActiveCfg = Debug|Any CPU
		{D3888C57-DDA5-4C7C-B77E-6424B55B5E3A}.Debug|Any CPU.Build.0 = Debug|Any CPU
		{D3888C57-DDA5-4C7C-B77E-6424B55B5E3A}.Release|Any CPU.ActiveCfg = Release|Any CPU
		{D3888C57-DDA5-4C7C-B77E-6424B55B5E3A}.Release|Any CPU.Build.0 = Release|Any CPU
		{E96EDEED-2D26-45A4-A41F-B7B9F8D5137C}.Debug|Any CPU.ActiveCfg = Debug|Any CPU
		{E96EDEED-2D26-45A4-A41F-B7B9F8D5137C}.Debug|Any CPU.Build.0 = Debug|Any CPU
		{E96EDEED-2D26-45A4-A41F-B7B9F8D5137C}.Release|Any CPU.ActiveCfg = Release|Any CPU
		{E96EDEED-2D26-45A4-A41F-B7B9F8D5137C}.Release|Any CPU.Build.0 = Release|Any CPU
		{10146D62-5D57-4760-8425-72525DF54DA1}.Debug|Any CPU.ActiveCfg = Debug|Any CPU
		{10146D62-5D57-4760-8425-72525DF54DA1}.Debug|Any CPU.Build.0 = Debug|Any CPU
		{10146D62-5D57-4760-8425-72525DF54DA1}.Release|Any CPU.ActiveCfg = Release|Any CPU
		{10146D62-5D57-4760-8425-72525DF54DA1}.Release|Any CPU.Build.0 = Release|Any CPU
		{50DD03F6-0222-4455-AD6F-C3F0F205EFCC}.Debug|Any CPU.ActiveCfg = Debug|Any CPU
		{50DD03F6-0222-4455-AD6F-C3F0F205EFCC}.Debug|Any CPU.Build.0 = Debug|Any CPU
		{50DD03F6-0222-4455-AD6F-C3F0F205EFCC}.Release|Any CPU.ActiveCfg = Release|Any CPU
		{50DD03F6-0222-4455-AD6F-C3F0F205EFCC}.Release|Any CPU.Build.0 = Release|Any CPU
	EndGlobalSection
	GlobalSection(SolutionProperties) = preSolution
		HideSolutionNode = FALSE
	EndGlobalSection
	GlobalSection(ExtensibilityGlobals) = postSolution
		SolutionGuid = {C7BCD372-FDA9-49FC-8032-5BE6D99E61EA}
	EndGlobalSection
EndGlobal
